
Microsoft Visual Studio Solution File, Format Version 12.00
# Visual Studio Version 17
VisualStudioVersion = 17.0.32014.148
MinimumVisualStudioVersion = 10.0.40219.1
Project("{FAE04EC0-301F-11D3-BF4B-00C04F79EFBC}") = "Template4438", "Template4438\Template4438.csproj", "{3314AE66-A943-49B3-B840-0B4B640853A4}"
EndProject
Global
	GlobalSection(SolutionConfigurationPlatforms) = preSolution
		Debug|Any CPU = Debug|Any CPU
		Release|Any CPU = Release|Any CPU
	EndGlobalSection
	GlobalSection(ProjectConfigurationPlatforms) = postSolution
		{3314AE66-A943-49B3-B840-0B4B640853A4}.Debug|Any CPU.ActiveCfg = Debug|Any CPU
		{3314AE66-A943-49B3-B840-0B4B640853A4}.Debug|Any CPU.Build.0 = Debug|Any CPU
		{3314AE66-A943-49B3-B840-0B4B640853A4}.Release|Any CPU.ActiveCfg = Release|Any CPU
		{3314AE66-A943-49B3-B840-0B4B640853A4}.Release|Any CPU.Build.0 = Release|Any CPU
	EndGlobalSection
	GlobalSection(SolutionProperties) = preSolution
		HideSolutionNode = FALSE
	EndGlobalSection
	GlobalSection(ExtensibilityGlobals) = postSolution
		SolutionGuid = {F9DB67D3-8450-4A73-A731-A8788D9CCE11}
	EndGlobalSection
EndGlobal
